{
  "version": 4,
  "terraform_version": "1.10.5",
  "serial": 34,
  "lineage": "838cc235-a17e-6b75-91c9-8f99cd2f3f9e",
  "outputs": {
    "instance_public_dns": {
      "value": "",
      "type": "string"
    },
    "instance_public_ip": {
      "value": "50.18.26.208",
      "type": "string"
    },
    "private_key": {
      "value": "-----BEGIN RSA PRIVATE KEY-----\nMIIEowIBAAKCAQEAwu8Nv7CNprC4ct8MpUG4NhNgxmNRPDjKZQVr34kt2UFrNztL\nY7bW+YeJOq7kA3/BHoCnjbYHjc71HrePXLJmyb6/aifXfgDYV33pkMFxNOVQFxg5\nbFcLQYw9VEmQO+YS6tJM99ECSgcjzNZcCB3GBPyiLapVPBhDms9URSLdqqhYqz5i\nJVh81vYlkJbX1XzIjPs8Q3COVNni8qta1giOcNaUbXsj2udL1B5wbtWy67nnICgN\nUm17yM1vi/5Z69aoa8NrevcZ/HEVnF9Mv6Zj9SY1vJGOBjxqz2iHwE6CqUhlrLq3\nMKjzJp7fYPIn5zLRTWYT3RUHxS7S/4pDVoX1KQIDAQABAoIBAQDBFW7F58h3SuZ4\nie0Jp84iahFakLe/cfUwGS2frk5muwDLJYVoUIwhgBnysZcSzDFq2D6fBKX41f1A\nHsv3IpLj1HffW3V8zrN7/jEi/Cj5Hwa0yX7fjFyO4a1B1tfyLNOiGwq4ESQ2VVol\npFJmi68/80lk+CoTK2mTZzfufzmXtgqXF0Wc3U02+kUk4w+JZRvwpnUZqnw75g/z\n9R+B0javjVQHgXS8+F+RCS36S4+kjCw88WZ202sw8QyPEl3+28+6kwSpJPuhnWRd\nH6zWcGFxkT3M3CstOz72kyt6wGd2C3Oezkw12GzxfJV3UtB2QWNu4GoG4xlsNAd4\nxcza6r1NAoGBAM4GKv1U1IZKtNn2WD3A0FUxJ6l8LnAbjMSehCeVTpIsXdIJCaJm\nYN9qXpIlStg9xDaIYDV3FJY/wuIqabKc7CkmizZ1hN2W8DV9YGp49JLTicmraz3X\nbEZnUMAdyUUz/oPo8I6zgJqjgMbMONnLY37//Oyg/2vF5Bgvg4txrPpbAoGBAPI4\nMWfp5Z5cDOBS2jckNn/mfYtXF3DMOTk3W0UZEhFuCpWM1P6MjJbVPd/wEkdAOKxL\nPIZ+wWgJP0/dO65p7TZEv1CHAeERXL5+6YR8EA7bZWlBOffTEy7Wk6gUDMD43SRR\n+ypaibr1AtmI4UtT/sOzOUg0w7oO6Sp4FBq8533LAoGAQ0h6Y69/lLfzJjewi8Jb\nh2b9N/mpRM2KhG/sYuz88vnwTfbLobDjtDMN3Za2QbayTMju+qcAHy2FnM0TJdTf\nv3SqBEgO8zsnCaD/iuYjoYvaNPV5mYGwB7IYChXwNFyNo1DAtyniNx5soP/zFRW6\nUbCSTkkqAW1oV4m04SZnwn8CgYB/TlOBRyi9M6o82K8CXlEapf0EGFEkouHMlbCt\nv4CEkq6TbYKhCyP1PryXj2k786AVxjFYixSB5qJVCnUMtXXMmRNocpzlOyfgo3l+\nfWo/NMa3LGYYP+MMMhFHPMp7PhGUvlXhK9bJ4W6PAOdQnSQAnZkUv07D4oRgIt6G\nMxUEQwKBgARRxaDtvdzDKsSp8sfviyhcb9JH3iMxlbX+gIWSfmokMh478gh0oWl+\nFBeBL30vvFGtxKrRFAtpIuLPYY6k7E1L2ME3Z21aMZ4HXiaUuwOVpfxdkSP3Zll6\nsJ4cU3eXek3Rn/8RiNRE674Y4/vDXtuRlouTjhEpsmdiciX8Gz14\n-----END RSA PRIVATE KEY-----\n",
      "type": "string",
      "sensitive": true
    }
  },
  "resources": [
    {
      "mode": "data",
      "type": "aws_ami",
      "name": "shared_ami",
      "provider": "provider[\"registry.terraform.io/hashicorp/aws\"]",
      "instances": [
        {
          "schema_version": 0,
          "attributes": {
            "architecture": "x86_64",
            "arn": "arn:aws:ec2:us-west-1::image/ami-037423c12456101e7",
            "block_device_mappings": [
              {
                "device_name": "/dev/sda1",
                "ebs": {
                  "delete_on_termination": "true",
                  "encrypted": "false",
                  "iops": "0",
                  "snapshot_id": "snap-04c6beb81b1c0d74c",
                  "throughput": "0",
                  "volume_size": "8",
                  "volume_type": "gp2"
                },
                "no_device": "",
                "virtual_name": ""
              },
              {
                "device_name": "/dev/sdb",
                "ebs": {},
                "no_device": "",
                "virtual_name": "ephemeral0"
              },
              {
                "device_name": "/dev/sdc",
                "ebs": {},
                "no_device": "",
                "virtual_name": "ephemeral1"
              }
            ],
            "boot_mode": "",
            "creation_date": "2025-01-30T09:35:54.000Z",
            "deprecation_time": "",
            "description": "AMI created from the web server instance",
            "ena_support": true,
            "executable_users": null,
            "filter": [
              {
                "name": "name",
                "values": [
                  "web-server-ami"
                ]
              }
            ],
            "hypervisor": "xen",
            "id": "ami-037423c12456101e7",
            "image_id": "ami-037423c12456101e7",
            "image_location": "533267066784/web-server-ami",
            "image_owner_alias": "",
            "image_type": "machine",
            "imds_support": "",
            "include_deprecated": false,
            "kernel_id": "",
            "most_recent": true,
            "name": "web-server-ami",
            "name_regex": null,
            "owner_id": "533267066784",
            "owners": [
              "533267066784"
            ],
            "platform": "",
            "platform_details": "Linux/UNIX",
            "product_codes": [],
            "public": false,
            "ramdisk_id": "",
            "root_device_name": "/dev/sda1",
            "root_device_type": "ebs",
            "root_snapshot_id": "snap-04c6beb81b1c0d74c",
            "sriov_net_support": "simple",
            "state": "available",
            "state_reason": {
              "code": "UNSET",
              "message": "UNSET"
            },
            "tags": {},
            "timeouts": null,
            "tpm_support": "",
            "uefi_data": null,
            "usage_operation": "RunInstances",
            "virtualization_type": "hvm"
          },
          "sensitive_attributes": []
        }
      ]
    },
    {
      "mode": "managed",
      "type": "aws_eip",
      "name": "web_instance_eip",
      "provider": "provider[\"registry.terraform.io/hashicorp/aws\"]",
      "instances": [
        {
          "schema_version": 0,
          "attributes": {
            "address": null,
            "allocation_id": "eipalloc-0fdf4187412ed0056",
            "arn": "arn:aws:ec2:us-west-1:654654298266:elastic-ip/eipalloc-0fdf4187412ed0056",
            "associate_with_private_ip": null,
            "association_id": "eipassoc-0ca8efb2f01bb2f2a",
            "carrier_ip": "",
            "customer_owned_ip": "",
            "customer_owned_ipv4_pool": "",
            "domain": "vpc",
            "id": "eipalloc-0fdf4187412ed0056",
            "instance": "i-0ae00b0306b6518c3",
            "ipam_pool_id": null,
            "network_border_group": "us-west-1",
            "network_interface": "eni-0f82a5d7378b8c0a7",
            "private_dns": "ip-10-0-1-36.us-west-1.compute.internal",
            "private_ip": "10.0.1.36",
            "ptr_record": "",
            "public_dns": "ec2-50-18-26-208.us-west-1.compute.amazonaws.com",
            "public_ip": "50.18.26.208",
            "public_ipv4_pool": "amazon",
            "tags": {},
            "tags_all": {},
            "timeouts": null,
            "vpc": true
          },
          "sensitive_attributes": [],
          "private": "eyJlMmJmYjczMC1lY2FhLTExZTYtOGY4OC0zNDM2M2JjN2M0YzAiOnsiZGVsZXRlIjoxODAwMDAwMDAwMDAsInJlYWQiOjkwMDAwMDAwMDAwMCwidXBkYXRlIjozMDAwMDAwMDAwMDB9fQ==",
          "dependencies": [
            "aws_instance.web_instance",
            "aws_key_pair.new_key_pair",
            "aws_security_group.web_sg",
            "aws_subnet.public_subnet",
            "aws_vpc.new_vpc",
            "data.aws_ami.shared_ami",
            "tls_private_key.new_key"
          ]
        }
      ]
    },
    {
      "mode": "managed",
      "type": "aws_instance",
      "name": "web_instance",
      "provider": "provider[\"registry.terraform.io/hashicorp/aws\"]",
      "instances": [
        {
          "schema_version": 1,
          "attributes": {
            "ami": "ami-037423c12456101e7",
            "arn": "arn:aws:ec2:us-west-1:654654298266:instance/i-0ae00b0306b6518c3",
            "associate_public_ip_address": true,
            "availability_zone": "us-west-1b",
            "capacity_reservation_specification": [
              {
                "capacity_reservation_preference": "open",
                "capacity_reservation_target": []
              }
            ],
            "cpu_core_count": 1,
            "cpu_options": [
              {
                "amd_sev_snp": "",
                "core_count": 1,
                "threads_per_core": 1
              }
            ],
            "cpu_threads_per_core": 1,
            "credit_specification": [
              {
                "cpu_credits": "standard"
              }
            ],
            "disable_api_stop": false,
            "disable_api_termination": false,
            "ebs_block_device": [],
            "ebs_optimized": false,
            "enable_primary_ipv6": null,
            "enclave_options": [
              {
                "enabled": false
              }
            ],
            "ephemeral_block_device": [],
            "get_password_data": false,
            "hibernation": false,
            "host_id": "",
            "host_resource_group_arn": null,
            "iam_instance_profile": "",
            "id": "i-0ae00b0306b6518c3",
            "instance_initiated_shutdown_behavior": "stop",
            "instance_lifecycle": "",
            "instance_market_options": [],
            "instance_state": "running",
            "instance_type": "t2.micro",
            "ipv6_address_count": 0,
            "ipv6_addresses": [],
            "key_name": "mayi",
            "launch_template": [],
            "maintenance_options": [
              {
                "auto_recovery": "default"
              }
            ],
            "metadata_options": [
              {
                "http_endpoint": "enabled",
                "http_protocol_ipv6": "disabled",
                "http_put_response_hop_limit": 1,
                "http_tokens": "optional",
                "instance_metadata_tags": "disabled"
              }
            ],
            "monitoring": false,
            "network_interface": [],
            "outpost_arn": "",
            "password_data": "",
            "placement_group": "",
            "placement_partition_number": 0,
            "primary_network_interface_id": "eni-0f82a5d7378b8c0a7",
            "private_dns": "ip-10-0-1-36.us-west-1.compute.internal",
            "private_dns_name_options": [
              {
                "enable_resource_name_dns_a_record": false,
                "enable_resource_name_dns_aaaa_record": false,
                "hostname_type": "ip-name"
              }
            ],
            "private_ip": "10.0.1.36",
            "public_dns": "",
            "public_ip": "50.18.26.208",
            "root_block_device": [
              {
                "delete_on_termination": true,
                "device_name": "/dev/sda1",
                "encrypted": false,
                "iops": 100,
                "kms_key_id": "",
                "tags": {},
                "tags_all": {},
                "throughput": 0,
                "volume_id": "vol-00d21c865e166c967",
                "volume_size": 8,
                "volume_type": "gp2"
              }
            ],
            "secondary_private_ips": [],
            "security_groups": [],
            "source_dest_check": true,
            "spot_instance_request_id": "",
            "subnet_id": "subnet-04147a79b056b358f",
            "tags": {
              "Name": "Shared-AMI-Instance"
            },
            "tags_all": {
              "Name": "Shared-AMI-Instance"
            },
            "tenancy": "default",
            "timeouts": null,
            "user_data": null,
            "user_data_base64": null,
            "user_data_replace_on_change": false,
            "volume_tags": null,
            "vpc_security_group_ids": [
              "sg-05153cd9512617b17"
            ]
          },
          "sensitive_attributes": [],
          "private": "eyJlMmJmYjczMC1lY2FhLTExZTYtOGY4OC0zNDM2M2JjN2M0YzAiOnsiY3JlYXRlIjo2MDAwMDAwMDAwMDAsImRlbGV0ZSI6MTIwMDAwMDAwMDAwMCwicmVhZCI6OTAwMDAwMDAwMDAwLCJ1cGRhdGUiOjYwMDAwMDAwMDAwMH0sInNjaGVtYV92ZXJzaW9uIjoiMSJ9",
          "dependencies": [
            "aws_key_pair.new_key_pair",
            "aws_security_group.web_sg",
            "aws_subnet.public_subnet",
            "aws_vpc.new_vpc",
            "data.aws_ami.shared_ami",
            "tls_private_key.new_key"
          ]
        }
      ]
    },
    {
      "mode": "managed",
      "type": "aws_internet_gateway",
      "name": "new_igw",
      "provider": "provider[\"registry.terraform.io/hashicorp/aws\"]",
      "instances": [
        {
          "schema_version": 0,
          "attributes": {
            "arn": "arn:aws:ec2:us-west-1:654654298266:internet-gateway/igw-0c236cc327a7a6fe1",
            "id": "igw-0c236cc327a7a6fe1",
            "owner_id": "654654298266",
            "tags": {
              "Name": "new-igw"
            },
            "tags_all": {
              "Name": "new-igw"
            },
            "timeouts": null,
            "vpc_id": "vpc-073374a265afae49e"
          },
          "sensitive_attributes": [],
          "private": "eyJlMmJmYjczMC1lY2FhLTExZTYtOGY4OC0zNDM2M2JjN2M0YzAiOnsiY3JlYXRlIjoxMjAwMDAwMDAwMDAwLCJkZWxldGUiOjEyMDAwMDAwMDAwMDAsInVwZGF0ZSI6MTIwMDAwMDAwMDAwMH19",
          "dependencies": [
            "aws_vpc.new_vpc"
          ]
        }
      ]
    },
    {
      "mode": "managed",
      "type": "aws_key_pair",
      "name": "new_key_pair",
      "provider": "provider[\"registry.terraform.io/hashicorp/aws\"]",
      "instances": [
        {
          "schema_version": 1,
          "attributes": {
            "arn": "arn:aws:ec2:us-west-1:654654298266:key-pair/mayi",
            "fingerprint": "b9:54:a9:0b:67:4b:1d:c9:2b:2a:ef:84:0c:52:69:e9",
            "id": "mayi",
            "key_name": "mayi",
            "key_name_prefix": "",
            "key_pair_id": "key-07762026cb3b99bf9",
            "key_type": "rsa",
            "public_key": "ssh-rsa AAAAB3NzaC1yc2EAAAADAQABAAABAQDC7w2/sI2msLhy3wylQbg2E2DGY1E8OMplBWvfiS3ZQWs3O0tjttb5h4k6ruQDf8EegKeNtgeNzvUet49csmbJvr9qJ9d+ANhXfemQwXE05VAXGDlsVwtBjD1USZA75hLq0kz30QJKByPM1lwIHcYE/KItqlU8GEOaz1RFIt2qqFirPmIlWHzW9iWQltfVfMiM+zxDcI5U2eLyq1rWCI5w1pRteyPa50vUHnBu1bLruecgKA1SbXvIzW+L/lnr1qhrw2t69xn8cRWcX0y/pmP1JjW8kY4GPGrPaIfAToKpSGWsurcwqPMmnt9g8ifnMtFNZhPdFQfFLtL/ikNWhfUp",
            "tags": {},
            "tags_all": {}
          },
          "sensitive_attributes": [],
          "private": "eyJzY2hlbWFfdmVyc2lvbiI6IjEifQ==",
          "dependencies": [
            "tls_private_key.new_key"
          ]
        }
      ]
    },
    {
      "mode": "managed",
      "type": "aws_route_table",
      "name": "public_rt",
      "provider": "provider[\"registry.terraform.io/hashicorp/aws\"]",
      "instances": [
        {
          "schema_version": 0,
          "attributes": {
            "arn": "arn:aws:ec2:us-west-1:654654298266:route-table/rtb-05030ef8c5afeff2a",
            "id": "rtb-05030ef8c5afeff2a",
            "owner_id": "654654298266",
            "propagating_vgws": [],
            "route": [
              {
                "carrier_gateway_id": "",
                "cidr_block": "0.0.0.0/0",
                "core_network_arn": "",
                "destination_prefix_list_id": "",
                "egress_only_gateway_id": "",
                "gateway_id": "igw-0c236cc327a7a6fe1",
                "ipv6_cidr_block": "",
                "local_gateway_id": "",
                "nat_gateway_id": "",
                "network_interface_id": "",
                "transit_gateway_id": "",
                "vpc_endpoint_id": "",
                "vpc_peering_connection_id": ""
              }
            ],
            "tags": {
              "Name": "public-route-table"
            },
            "tags_all": {
              "Name": "public-route-table"
            },
            "timeouts": null,
            "vpc_id": "vpc-073374a265afae49e"
          },
          "sensitive_attributes": [],
          "private": "eyJlMmJmYjczMC1lY2FhLTExZTYtOGY4OC0zNDM2M2JjN2M0YzAiOnsiY3JlYXRlIjozMDAwMDAwMDAwMDAsImRlbGV0ZSI6MzAwMDAwMDAwMDAwLCJ1cGRhdGUiOjEyMDAwMDAwMDAwMH19",
          "dependencies": [
            "aws_internet_gateway.new_igw",
            "aws_vpc.new_vpc"
          ]
        }
      ]
    },
    {
      "mode": "managed",
      "type": "aws_route_table_association",
      "name": "public_rt_assoc",
      "provider": "provider[\"registry.terraform.io/hashicorp/aws\"]",
      "instances": [
        {
          "schema_version": 0,
          "attributes": {
            "gateway_id": "",
            "id": "rtbassoc-073816168dbd4c7ad",
            "route_table_id": "rtb-05030ef8c5afeff2a",
            "subnet_id": "subnet-04147a79b056b358f",
            "timeouts": null
          },
          "sensitive_attributes": [],
          "private": "eyJlMmJmYjczMC1lY2FhLTExZTYtOGY4OC0zNDM2M2JjN2M0YzAiOnsiY3JlYXRlIjozMDAwMDAwMDAwMDAsImRlbGV0ZSI6MzAwMDAwMDAwMDAwLCJ1cGRhdGUiOjEyMDAwMDAwMDAwMH19",
          "dependencies": [
            "aws_internet_gateway.new_igw",
            "aws_route_table.public_rt",
            "aws_subnet.public_subnet",
            "aws_vpc.new_vpc"
          ]
        }
      ]
    },
    {
      "mode": "managed",
      "type": "aws_security_group",
      "name": "web_sg",
      "provider": "provider[\"registry.terraform.io/hashicorp/aws\"]",
      "instances": [
        {
          "schema_version": 1,
          "attributes": {
            "arn": "arn:aws:ec2:us-west-1:654654298266:security-group/sg-05153cd9512617b17",
            "description": "Allow inbound HTTP and SSH traffic",
            "egress": [
              {
                "cidr_blocks": [
                  "0.0.0.0/0"
                ],
                "description": "",
                "from_port": 0,
                "ipv6_cidr_blocks": [],
                "prefix_list_ids": [],
                "protocol": "-1",
                "security_groups": [],
                "self": false,
                "to_port": 0
              }
            ],
            "id": "sg-05153cd9512617b17",
            "ingress": [
              {
                "cidr_blocks": [
                  "0.0.0.0/0"
                ],
                "description": "",
                "from_port": 22,
                "ipv6_cidr_blocks": [],
                "prefix_list_ids": [],
                "protocol": "tcp",
                "security_groups": [],
                "self": false,
                "to_port": 22
              },
              {
                "cidr_blocks": [
                  "0.0.0.0/0"
                ],
                "description": "",
                "from_port": 80,
                "ipv6_cidr_blocks": [],
                "prefix_list_ids": [],
                "protocol": "tcp",
                "security_groups": [],
                "self": false,
                "to_port": 80
              }
            ],
            "name": "web-sg",
            "name_prefix": "",
            "owner_id": "654654298266",
            "revoke_rules_on_delete": false,
            "tags": {},
            "tags_all": {},
            "timeouts": null,
            "vpc_id": "vpc-073374a265afae49e"
          },
          "sensitive_attributes": [],
          "private": "eyJlMmJmYjczMC1lY2FhLTExZTYtOGY4OC0zNDM2M2JjN2M0YzAiOnsiY3JlYXRlIjo2MDAwMDAwMDAwMDAsImRlbGV0ZSI6OTAwMDAwMDAwMDAwfSwic2NoZW1hX3ZlcnNpb24iOiIxIn0=",
          "dependencies": [
            "aws_vpc.new_vpc"
          ]
        }
      ]
    },
    {
      "mode": "managed",
      "type": "aws_subnet",
      "name": "public_subnet",
      "provider": "provider[\"registry.terraform.io/hashicorp/aws\"]",
      "instances": [
        {
          "schema_version": 1,
          "attributes": {
            "arn": "arn:aws:ec2:us-west-1:654654298266:subnet/subnet-04147a79b056b358f",
            "assign_ipv6_address_on_creation": false,
            "availability_zone": "us-west-1b",
            "availability_zone_id": "usw1-az3",
            "cidr_block": "10.0.1.0/24",
            "customer_owned_ipv4_pool": "",
            "enable_dns64": false,
            "enable_lni_at_device_index": 0,
            "enable_resource_name_dns_a_record_on_launch": false,
            "enable_resource_name_dns_aaaa_record_on_launch": false,
            "id": "subnet-04147a79b056b358f",
            "ipv6_cidr_block": "",
            "ipv6_cidr_block_association_id": "",
            "ipv6_native": false,
            "map_customer_owned_ip_on_launch": false,
            "map_public_ip_on_launch": true,
            "outpost_arn": "",
            "owner_id": "654654298266",
            "private_dns_hostname_type_on_launch": "ip-name",
            "tags": {
              "Name": "public-subnet"
            },
            "tags_all": {
              "Name": "public-subnet"
            },
            "timeouts": null,
            "vpc_id": "vpc-073374a265afae49e"
          },
          "sensitive_attributes": [],
          "private": "eyJlMmJmYjczMC1lY2FhLTExZTYtOGY4OC0zNDM2M2JjN2M0YzAiOnsiY3JlYXRlIjo2MDAwMDAwMDAwMDAsImRlbGV0ZSI6MTIwMDAwMDAwMDAwMH0sInNjaGVtYV92ZXJzaW9uIjoiMSJ9",
          "dependencies": [
            "aws_vpc.new_vpc"
          ]
        }
      ]
    },
    {
      "mode": "managed",
      "type": "aws_vpc",
      "name": "new_vpc",
      "provider": "provider[\"registry.terraform.io/hashicorp/aws\"]",
      "instances": [
        {
          "schema_version": 1,
          "attributes": {
            "arn": "arn:aws:ec2:us-west-1:654654298266:vpc/vpc-073374a265afae49e",
            "assign_generated_ipv6_cidr_block": false,
            "cidr_block": "10.0.0.0/16",
            "default_network_acl_id": "acl-007a9cf4cdf2ff52b",
            "default_route_table_id": "rtb-0bd219bbd51ab2138",
            "default_security_group_id": "sg-020961fb383bd4cbf",
            "dhcp_options_id": "dopt-06f2d58ab045608f3",
            "enable_dns_hostnames": true,
            "enable_dns_support": true,
            "enable_network_address_usage_metrics": false,
            "id": "vpc-073374a265afae49e",
            "instance_tenancy": "default",
            "ipv4_ipam_pool_id": null,
            "ipv4_netmask_length": null,
            "ipv6_association_id": "",
            "ipv6_cidr_block": "",
            "ipv6_cidr_block_network_border_group": "",
            "ipv6_ipam_pool_id": "",
            "ipv6_netmask_length": 0,
            "main_route_table_id": "rtb-0bd219bbd51ab2138",
            "owner_id": "654654298266",
            "tags": {
              "Name": "new-vpc"
            },
            "tags_all": {
              "Name": "new-vpc"
            }
          },
          "sensitive_attributes": [],
          "private": "eyJzY2hlbWFfdmVyc2lvbiI6IjEifQ=="
        }
      ]
    },
    {
      "mode": "managed",
      "type": "tls_private_key",
      "name": "new_key",
      "provider": "provider[\"registry.terraform.io/hashicorp/tls\"]",
      "instances": [
        {
          "schema_version": 1,
          "attributes": {
            "algorithm": "RSA",
            "ecdsa_curve": "P224",
            "id": "ddaf812a7c1ce74ef115c46f5c2acd1dba3ef339",
            "private_key_openssh": "-----BEGIN OPENSSH PRIVATE KEY-----\nb3BlbnNzaC1rZXktdjEAAAAABG5vbmUAAAAEbm9uZQAAAAAAAAABAAABFwAAAAdz\nc2gtcnNhAAAAAwEAAQAAAQEAwu8Nv7CNprC4ct8MpUG4NhNgxmNRPDjKZQVr34kt\n2UFrNztLY7bW+YeJOq7kA3/BHoCnjbYHjc71HrePXLJmyb6/aifXfgDYV33pkMFx\nNOVQFxg5bFcLQYw9VEmQO+YS6tJM99ECSgcjzNZcCB3GBPyiLapVPBhDms9URSLd\nqqhYqz5iJVh81vYlkJbX1XzIjPs8Q3COVNni8qta1giOcNaUbXsj2udL1B5wbtWy\n67nnICgNUm17yM1vi/5Z69aoa8NrevcZ/HEVnF9Mv6Zj9SY1vJGOBjxqz2iHwE6C\nqUhlrLq3MKjzJp7fYPIn5zLRTWYT3RUHxS7S/4pDVoX1KQAAA7gCJQTCAiUEwgAA\nAAdzc2gtcnNhAAABAQDC7w2/sI2msLhy3wylQbg2E2DGY1E8OMplBWvfiS3ZQWs3\nO0tjttb5h4k6ruQDf8EegKeNtgeNzvUet49csmbJvr9qJ9d+ANhXfemQwXE05VAX\nGDlsVwtBjD1USZA75hLq0kz30QJKByPM1lwIHcYE/KItqlU8GEOaz1RFIt2qqFir\nPmIlWHzW9iWQltfVfMiM+zxDcI5U2eLyq1rWCI5w1pRteyPa50vUHnBu1bLruecg\nKA1SbXvIzW+L/lnr1qhrw2t69xn8cRWcX0y/pmP1JjW8kY4GPGrPaIfAToKpSGWs\nurcwqPMmnt9g8ifnMtFNZhPdFQfFLtL/ikNWhfUpAAAAAwEAAQAAAQEAwRVuxefI\nd0rmeIntCafOImoRWpC3v3H1MBktn65OZrsAyyWFaFCMIYAZ8rGXEswxatg+nwSl\n+NX9QB7L9yKS49R331t1fM6ze/4xIvwo+R8GtMl+34xcjuGtQdbX8izTohsKuBEk\nNlVaJaRSZouvP/NJZPgqEytpk2c37n85l7YKlxdFnN1NNvpFJOMPiWUb8KZ1Gap8\nO+YP8/UfgdI2r41UB4F0vPhfkQkt+kuPpIwsPPFmdtNrMPEMjxJd/tvPupMEqST7\noZ1kXR+s1nBhcZE9zNwrLTs+9pMresBndgtzns5MNdhs8XyVd1LQdkFjbuBqBuMZ\nbDQHeMXM2uq9TQAAAIAEUcWg7b3cwyrEqfLH74soXG/SR94jMZW1/oCFkn5qJDIe\nO/IIdKFpfhQXgS99L7xRrcSq0RQLaSLiz2GOpOxNS9jBN2dtWjGeB14mlLsDlaX8\nXZEj92ZZerCeHFN3l3pN0Z//EYjUROu+GOP7w17bkZaLk44RKbJnYnIl/Bs9eAAA\nAIEAzgYq/VTUhkq02fZYPcDQVTEnqXwucBuMxJ6EJ5VOkixd0gkJomZg32pekiVK\n2D3ENohgNXcUlj/C4ippspzsKSaLNnWE3ZbwNX1ganj0ktOJyatrPddsRmdQwB3J\nRTP+g+jwjrOAmqOAxsw42ctjfv/87KD/a8XkGC+Di3Gs+lsAAACBAPI4MWfp5Z5c\nDOBS2jckNn/mfYtXF3DMOTk3W0UZEhFuCpWM1P6MjJbVPd/wEkdAOKxLPIZ+wWgJ\nP0/dO65p7TZEv1CHAeERXL5+6YR8EA7bZWlBOffTEy7Wk6gUDMD43SRR+ypaibr1\nAtmI4UtT/sOzOUg0w7oO6Sp4FBq8533LAAAAAAEC\n-----END OPENSSH PRIVATE KEY-----\n",
            "private_key_pem": "-----BEGIN RSA PRIVATE KEY-----\nMIIEowIBAAKCAQEAwu8Nv7CNprC4ct8MpUG4NhNgxmNRPDjKZQVr34kt2UFrNztL\nY7bW+YeJOq7kA3/BHoCnjbYHjc71HrePXLJmyb6/aifXfgDYV33pkMFxNOVQFxg5\nbFcLQYw9VEmQO+YS6tJM99ECSgcjzNZcCB3GBPyiLapVPBhDms9URSLdqqhYqz5i\nJVh81vYlkJbX1XzIjPs8Q3COVNni8qta1giOcNaUbXsj2udL1B5wbtWy67nnICgN\nUm17yM1vi/5Z69aoa8NrevcZ/HEVnF9Mv6Zj9SY1vJGOBjxqz2iHwE6CqUhlrLq3\nMKjzJp7fYPIn5zLRTWYT3RUHxS7S/4pDVoX1KQIDAQABAoIBAQDBFW7F58h3SuZ4\nie0Jp84iahFakLe/cfUwGS2frk5muwDLJYVoUIwhgBnysZcSzDFq2D6fBKX41f1A\nHsv3IpLj1HffW3V8zrN7/jEi/Cj5Hwa0yX7fjFyO4a1B1tfyLNOiGwq4ESQ2VVol\npFJmi68/80lk+CoTK2mTZzfufzmXtgqXF0Wc3U02+kUk4w+JZRvwpnUZqnw75g/z\n9R+B0javjVQHgXS8+F+RCS36S4+kjCw88WZ202sw8QyPEl3+28+6kwSpJPuhnWRd\nH6zWcGFxkT3M3CstOz72kyt6wGd2C3Oezkw12GzxfJV3UtB2QWNu4GoG4xlsNAd4\nxcza6r1NAoGBAM4GKv1U1IZKtNn2WD3A0FUxJ6l8LnAbjMSehCeVTpIsXdIJCaJm\nYN9qXpIlStg9xDaIYDV3FJY/wuIqabKc7CkmizZ1hN2W8DV9YGp49JLTicmraz3X\nbEZnUMAdyUUz/oPo8I6zgJqjgMbMONnLY37//Oyg/2vF5Bgvg4txrPpbAoGBAPI4\nMWfp5Z5cDOBS2jckNn/mfYtXF3DMOTk3W0UZEhFuCpWM1P6MjJbVPd/wEkdAOKxL\nPIZ+wWgJP0/dO65p7TZEv1CHAeERXL5+6YR8EA7bZWlBOffTEy7Wk6gUDMD43SRR\n+ypaibr1AtmI4UtT/sOzOUg0w7oO6Sp4FBq8533LAoGAQ0h6Y69/lLfzJjewi8Jb\nh2b9N/mpRM2KhG/sYuz88vnwTfbLobDjtDMN3Za2QbayTMju+qcAHy2FnM0TJdTf\nv3SqBEgO8zsnCaD/iuYjoYvaNPV5mYGwB7IYChXwNFyNo1DAtyniNx5soP/zFRW6\nUbCSTkkqAW1oV4m04SZnwn8CgYB/TlOBRyi9M6o82K8CXlEapf0EGFEkouHMlbCt\nv4CEkq6TbYKhCyP1PryXj2k786AVxjFYixSB5qJVCnUMtXXMmRNocpzlOyfgo3l+\nfWo/NMa3LGYYP+MMMhFHPMp7PhGUvlXhK9bJ4W6PAOdQnSQAnZkUv07D4oRgIt6G\nMxUEQwKBgARRxaDtvdzDKsSp8sfviyhcb9JH3iMxlbX+gIWSfmokMh478gh0oWl+\nFBeBL30vvFGtxKrRFAtpIuLPYY6k7E1L2ME3Z21aMZ4HXiaUuwOVpfxdkSP3Zll6\nsJ4cU3eXek3Rn/8RiNRE674Y4/vDXtuRlouTjhEpsmdiciX8Gz14\n-----END RSA PRIVATE KEY-----\n",
            "private_key_pem_pkcs8": "-----BEGIN PRIVATE KEY-----\nMIIEvQIBADANBgkqhkiG9w0BAQEFAASCBKcwggSjAgEAAoIBAQDC7w2/sI2msLhy\n3wylQbg2E2DGY1E8OMplBWvfiS3ZQWs3O0tjttb5h4k6ruQDf8EegKeNtgeNzvUe\nt49csmbJvr9qJ9d+ANhXfemQwXE05VAXGDlsVwtBjD1USZA75hLq0kz30QJKByPM\n1lwIHcYE/KItqlU8GEOaz1RFIt2qqFirPmIlWHzW9iWQltfVfMiM+zxDcI5U2eLy\nq1rWCI5w1pRteyPa50vUHnBu1bLruecgKA1SbXvIzW+L/lnr1qhrw2t69xn8cRWc\nX0y/pmP1JjW8kY4GPGrPaIfAToKpSGWsurcwqPMmnt9g8ifnMtFNZhPdFQfFLtL/\nikNWhfUpAgMBAAECggEBAMEVbsXnyHdK5niJ7QmnziJqEVqQt79x9TAZLZ+uTma7\nAMslhWhQjCGAGfKxlxLMMWrYPp8EpfjV/UAey/cikuPUd99bdXzOs3v+MSL8KPkf\nBrTJft+MXI7hrUHW1/Is06IbCrgRJDZVWiWkUmaLrz/zSWT4KhMraZNnN+5/OZe2\nCpcXRZzdTTb6RSTjD4llG/CmdRmqfDvmD/P1H4HSNq+NVAeBdLz4X5EJLfpLj6SM\nLDzxZnbTazDxDI8SXf7bz7qTBKkk+6GdZF0frNZwYXGRPczcKy07PvaTK3rAZ3YL\nc57OTDXYbPF8lXdS0HZBY27gagbjGWw0B3jFzNrqvU0CgYEAzgYq/VTUhkq02fZY\nPcDQVTEnqXwucBuMxJ6EJ5VOkixd0gkJomZg32pekiVK2D3ENohgNXcUlj/C4ipp\nspzsKSaLNnWE3ZbwNX1ganj0ktOJyatrPddsRmdQwB3JRTP+g+jwjrOAmqOAxsw4\n2ctjfv/87KD/a8XkGC+Di3Gs+lsCgYEA8jgxZ+nlnlwM4FLaNyQ2f+Z9i1cXcMw5\nOTdbRRkSEW4KlYzU/oyMltU93/ASR0A4rEs8hn7BaAk/T907rmntNkS/UIcB4RFc\nvn7phHwQDttlaUE599MTLtaTqBQMwPjdJFH7KlqJuvUC2YjhS1P+w7M5SDTDug7p\nKngUGrznfcsCgYBDSHpjr3+Ut/MmN7CLwluHZv03+alEzYqEb+xi7Pzy+fBN9suh\nsOO0Mw3dlrZBtrJMyO76pwAfLYWczRMl1N+/dKoESA7zOycJoP+K5iOhi9o09XmZ\ngbAHshgKFfA0XI2jUMC3KeI3Hmyg//MVFbpRsJJOSSoBbWhXibThJmfCfwKBgH9O\nU4FHKL0zqjzYrwJeURql/QQYUSSi4cyVsK2/gISSrpNtgqELI/U+vJePaTvzoBXG\nMViLFIHmolUKdQy1dcyZE2hynOU7J+CjeX59aj80xrcsZhg/4wwyEUc8yns+EZS+\nVeEr1snhbo8A51CdJACdmRS/TsPihGAi3oYzFQRDAoGABFHFoO293MMqxKnyx++L\nKFxv0kfeIzGVtf6AhZJ+aiQyHjvyCHShaX4UF4EvfS+8Ua3EqtEUC2ki4s9hjqTs\nTUvYwTdnbVoxngdeJpS7A5Wl/F2RI/dmWXqwnhxTd5d6TdGf/xGI1ETrvhjj+8Ne\n25GWi5OOESmyZ2JyJfwbPXg=\n-----END PRIVATE KEY-----\n",
            "public_key_fingerprint_md5": "47:1f:d7:70:eb:2f:47:75:13:9d:e7:27:63:ec:34:70",
            "public_key_fingerprint_sha256": "SHA256:aIp3XxSwPnHJlO5eiGU0Wi/RzdV8c0t7ZGdsBxIADKc",
            "public_key_openssh": "ssh-rsa AAAAB3NzaC1yc2EAAAADAQABAAABAQDC7w2/sI2msLhy3wylQbg2E2DGY1E8OMplBWvfiS3ZQWs3O0tjttb5h4k6ruQDf8EegKeNtgeNzvUet49csmbJvr9qJ9d+ANhXfemQwXE05VAXGDlsVwtBjD1USZA75hLq0kz30QJKByPM1lwIHcYE/KItqlU8GEOaz1RFIt2qqFirPmIlWHzW9iWQltfVfMiM+zxDcI5U2eLyq1rWCI5w1pRteyPa50vUHnBu1bLruecgKA1SbXvIzW+L/lnr1qhrw2t69xn8cRWcX0y/pmP1JjW8kY4GPGrPaIfAToKpSGWsurcwqPMmnt9g8ifnMtFNZhPdFQfFLtL/ikNWhfUp\n",
            "public_key_pem": "-----BEGIN PUBLIC KEY-----\nMIIBIjANBgkqhkiG9w0BAQEFAAOCAQ8AMIIBCgKCAQEAwu8Nv7CNprC4ct8MpUG4\nNhNgxmNRPDjKZQVr34kt2UFrNztLY7bW+YeJOq7kA3/BHoCnjbYHjc71HrePXLJm\nyb6/aifXfgDYV33pkMFxNOVQFxg5bFcLQYw9VEmQO+YS6tJM99ECSgcjzNZcCB3G\nBPyiLapVPBhDms9URSLdqqhYqz5iJVh81vYlkJbX1XzIjPs8Q3COVNni8qta1giO\ncNaUbXsj2udL1B5wbtWy67nnICgNUm17yM1vi/5Z69aoa8NrevcZ/HEVnF9Mv6Zj\n9SY1vJGOBjxqz2iHwE6CqUhlrLq3MKjzJp7fYPIn5zLRTWYT3RUHxS7S/4pDVoX1\nKQIDAQAB\n-----END PUBLIC KEY-----\n",
            "rsa_bits": 2048
          },
          "sensitive_attributes": [
            [
              {
                "type": "get_attr",
                "value": "private_key_pem"
              }
            ],
            [
              {
                "type": "get_attr",
                "value": "private_key_openssh"
              }
            ],
            [
              {
                "type": "get_attr",
                "value": "private_key_pem_pkcs8"
              }
            ]
          ]
        }
      ]
    }
  ],
  "check_results": null
}
